{
  "name": "Marafon-1",
  "lockfileVersion": 2,
  "requires": true,
  "packages": {
    "": {
      "dependencies": {
        "pretier": "^0.0.1",
        "prettier": "^2.6.2"
      }
    },
    "node_modules/pretier": {
      "version": "0.0.1",
      "resolved": "https://registry.npmjs.org/pretier/-/pretier-0.0.1.tgz",
      "integrity": "sha512-sx6A34i/SbtIbiNrwwPJ9gpGKXfezVFFsv5/7v+qwu5vcwp6RJftQ60LvRbV4LQngUnJVRyU23AsUG3t+zNHEA=="
    },
    "node_modules/prettier": {
      "version": "2.6.2",
      "resolved": "https://registry.npmjs.org/prettier/-/prettier-2.6.2.tgz",
      "integrity": "sha512-PkUpF+qoXTqhOeWL9fu7As8LXsIUZ1WYaJiY/a7McAQzxjk82OF0tibkFXVCDImZtWxbvojFjerkiLb0/q8mew==",
      "bin": {
        "prettier": "bin-prettier.js"
      },
      "engines": {
        "node": ">=10.13.0"
      },
      "funding": {
        "url": "https://github.com/prettier/prettier?sponsor=1"
      }
    }
  },
  "dependencies": {
    "pretier": {
      "version": "0.0.1",
      "resolved": "https://registry.npmjs.org/pretier/-/pretier-0.0.1.tgz",
      "integrity": "sha512-sx6A34i/SbtIbiNrwwPJ9gpGKXfezVFFsv5/7v+qwu5vcwp6RJftQ60LvRbV4LQngUnJVRyU23AsUG3t+zNHEA=="
    },
    "prettier": {
      "version": "2.6.2",
      "resolved": "https://registry.npmjs.org/prettier/-/prettier-2.6.2.tgz",
      "integrity": "sha512-PkUpF+qoXTqhOeWL9fu7As8LXsIUZ1WYaJiY/a7McAQzxjk82OF0tibkFXVCDImZtWxbvojFjerkiLb0/q8mew=="
    }
  }
}
